schema: '2.0'
stages:
  split:
    cmd: python src/data/01_split_data.py
    deps:
    - path: data/raw_data/raw.csv
      hash: md5
      md5: 617b56af2992376d5c3e91ad80823898
      size: 333757
    - path: src/data/01_split_data.py
      hash: md5
      md5: fc3893469a779c7ae636d8303b10bbfa
      size: 1565
    outs:
    - path: data/processed_data/X_test.csv
      hash: md5
      md5: b2af62a7e108b077aec89fa2622996db
      size: 52624
    - path: data/processed_data/X_train.csv
      hash: md5
      md5: 535251fa6c1a1d098cc7a36e0bd62f38
      size: 209468
    - path: data/processed_data/y_test.csv
      hash: md5
      md5: a051d29629c8bbb4cfb7e85c7f0315da
      size: 6456
    - path: data/processed_data/y_train.csv
      hash: md5
      md5: a9cd9d91da89f732843d72548f64ded3
      size: 25951
  normalize:
    cmd: python src/data/02_normalize_data_std.py
    deps:
    - path: data/processed_data/X_test.csv
      hash: md5
      md5: b2af62a7e108b077aec89fa2622996db
      size: 52624
    - path: data/processed_data/X_train.csv
      hash: md5
      md5: 535251fa6c1a1d098cc7a36e0bd62f38
      size: 209468
    - path: src/data/02_normalize_data_std.py
      hash: md5
      md5: 634aac5b19e31bf08951f2e66e0826f4
      size: 1700
    outs:
    - path: data/processed_data/X_test_scaled.csv
      hash: md5
      md5: 5e079189af6bd091d651a89fafb1c290
      size: 57026
    - path: data/processed_data/X_train_scaled.csv
      hash: md5
      md5: c1b80eb7f083888b625dd0369cf381f8
      size: 227497
  gridsearch:
    cmd: python src/models/03_grid_search.py
    deps:
    - path: data/processed_data/X_train_scaled.csv
      hash: md5
      md5: c1b80eb7f083888b625dd0369cf381f8
      size: 227497
    - path: data/processed_data/y_train.csv
      hash: md5
      md5: a9cd9d91da89f732843d72548f64ded3
      size: 25951
    - path: src/models/03_grid_search.py
      hash: md5
      md5: 932056eebd94cf50e172dd0a8af1c0df
      size: 2040
    outs:
    - path: models/best_params.pkl
      hash: md5
      md5: a889da2915e5a25254fea22f54c0826d
      size: 72
  training:
    cmd: python src/models/04_model_training.py
    deps:
    - path: data/processed_data/X_train_scaled.csv
      hash: md5
      md5: c1b80eb7f083888b625dd0369cf381f8
      size: 227497
    - path: data/processed_data/y_train.csv
      hash: md5
      md5: a9cd9d91da89f732843d72548f64ded3
      size: 25951
    - path: models/best_params.pkl
      hash: md5
      md5: a889da2915e5a25254fea22f54c0826d
      size: 72
    - path: src/models/04_model_training.py
      hash: md5
      md5: 042908c4600ea4e24af27cd6a9733297
      size: 1907
    outs:
    - path: models/gbr_model.pkl
      hash: md5
      md5: 1297e8475afed05676e9d0420ce2d9d9
      size: 123192
  evaluate:
    cmd: python src/models/05_evaluate.py
    deps:
    - path: data/processed_data/X_test_scaled.csv
      hash: md5
      md5: 5e079189af6bd091d651a89fafb1c290
      size: 57026
    - path: data/processed_data/y_test.csv
      hash: md5
      md5: a051d29629c8bbb4cfb7e85c7f0315da
      size: 6456
    - path: models/gbr_model.pkl
      hash: md5
      md5: 1297e8475afed05676e9d0420ce2d9d9
      size: 123192
    - path: src/models/05_evaluate.py
      hash: md5
      md5: 438667a12f3857d7f1ea8086cbccf9df
      size: 2491
    outs:
    - path: data/prediction.csv
      hash: md5
      md5: f51e24a1132da2688738d4595dfd9b1d
      size: 6803
    - path: metrics/scores.json
      hash: md5
      md5: 95a127c9a181be1349cf05a4775893d3
      size: 38
